
Microsoft Visual Studio Solution File, Format Version 12.00
# Visual Studio Version 16
VisualStudioVersion = 16.0.30413.136
MinimumVisualStudioVersion = 10.0.40219.1
Project("{FAE04EC0-301F-11D3-BF4B-00C04F79EFBC}") = "FormElements", "FormElements.csproj", "{BF0006E9-BE2D-4F2F-8343-06212BD25669}"
EndProject
Global
	GlobalSection(SolutionConfigurationPlatforms) = preSolution
		Debug|Any CPU = Debug|Any CPU
		Release|Any CPU = Release|Any CPU
	EndGlobalSection
	GlobalSection(ProjectConfigurationPlatforms) = postSolution
		{BF0006E9-BE2D-4F2F-8343-06212BD25669}.Debug|Any CPU.ActiveCfg = Debug|Any CPU
		{BF0006E9-BE2D-4F2F-8343-06212BD25669}.Debug|Any CPU.Build.0 = Debug|Any CPU
		{BF0006E9-BE2D-4F2F-8343-06212BD25669}.Release|Any CPU.ActiveCfg = Release|Any CPU
		{BF0006E9-BE2D-4F2F-8343-06212BD25669}.Release|Any CPU.Build.0 = Release|Any CPU
	EndGlobalSection
	GlobalSection(SolutionProperties) = preSolution
		HideSolutionNode = FALSE
	EndGlobalSection
	GlobalSection(ExtensibilityGlobals) = postSolution
		SolutionGuid = {B2BC9DCC-EB29-46AB-9181-4C95F9263590}
	EndGlobalSection
EndGlobal
